
Microsoft Visual Studio Solution File, Format Version 12.00
# Visual Studio Version 17
VisualStudioVersion = 17.2.32616.157
MinimumVisualStudioVersion = 10.0.40219.1
Project("{FAE04EC0-301F-11D3-BF4B-00C04F79EFBC}") = "QR Code Generator", "QR Code Generator\QR Code Generator.csproj", "{729E7BCA-5DA5-448C-978D-E5695F50A02F}"
EndProject
Global
	GlobalSection(SolutionConfigurationPlatforms) = preSolution
		Debug|Any CPU = Debug|Any CPU
		Release|Any CPU = Release|Any CPU
	EndGlobalSection
	GlobalSection(ProjectConfigurationPlatforms) = postSolution
		{729E7BCA-5DA5-448C-978D-E5695F50A02F}.Debug|Any CPU.ActiveCfg = Debug|Any CPU
		{729E7BCA-5DA5-448C-978D-E5695F50A02F}.Debug|Any CPU.Build.0 = Debug|Any CPU
		{729E7BCA-5DA5-448C-978D-E5695F50A02F}.Release|Any CPU.ActiveCfg = Release|Any CPU
		{729E7BCA-5DA5-448C-978D-E5695F50A02F}.Release|Any CPU.Build.0 = Release|Any CPU
	EndGlobalSection
	GlobalSection(SolutionProperties) = preSolution
		HideSolutionNode = FALSE
	EndGlobalSection
	GlobalSection(ExtensibilityGlobals) = postSolution
		SolutionGuid = {FB724294-3223-4E68-8C7D-D476B8887986}
	EndGlobalSection
EndGlobal
